
Microsoft Visual Studio Solution File, Format Version 12.00
# Visual Studio Version 17
VisualStudioVersion = 17.3.32804.467
MinimumVisualStudioVersion = 10.0.40219.1
Project("{9A19103F-16F7-4668-BE54-9A1E7A4F7556}") = "Classroom", "Classroom\Classroom.csproj", "{A48D3377-07DE-460C-A2F2-F3BF118F63E7}"
EndProject
Project("{9A19103F-16F7-4668-BE54-9A1E7A4F7556}") = "Contacts", "Contacts\Contacts.csproj", "{08887877-DA87-4F48-8FF5-1F59BB70C9B6}"
EndProject
Project("{E53339B2-1760-4266-BCC7-CA923CBCF16C}") = "docker-compose", "docker-compose.dcproj", "{FF54E897-CAC2-4429-B313-766CA1F4D4A6}"
EndProject
Project("{9A19103F-16F7-4668-BE54-9A1E7A4F7556}") = "DockerAPIS.Business", "DockerAPIS.Business\DockerAPIS.Business.csproj", "{C585939C-632D-4C66-B691-5C59F971237B}"
EndProject
Project("{9A19103F-16F7-4668-BE54-9A1E7A4F7556}") = "DockerAPIS.Core", "DockerAPIS.Core\DockerAPIS.Core.csproj", "{05391D47-7034-4BF4-B5F4-58312D70600C}"
EndProject
Project("{9A19103F-16F7-4668-BE54-9A1E7A4F7556}") = "DockerAPIS.DataAccess", "DockerAPIS.DataAccess\DockerAPIS.DataAccess.csproj", "{09C65D57-BA48-46BB-B34C-D0717F0C4B92}"
EndProject
Project("{9A19103F-16F7-4668-BE54-9A1E7A4F7556}") = "DockerAPIS.Entities", "DockerAPIS.Entities\DockerAPIS.Entities.csproj", "{766F94FC-94E9-4A98-B710-9523CA816D16}"
EndProject
Project("{2150E333-8FDC-42A3-9474-1A3956D46DE8}") = "Services", "Services", "{8E2FD036-C809-452C-BDB4-D591A8F8283A}"
EndProject
Project("{2150E333-8FDC-42A3-9474-1A3956D46DE8}") = "Contacts", "Contacts", "{CC014A51-A4F0-463D-AD42-4423F5661E96}"
EndProject
Project("{2150E333-8FDC-42A3-9474-1A3956D46DE8}") = "Classroom", "Classroom", "{01DFCDA5-9DC2-434F-8603-D06E73F649BF}"
EndProject
Project("{2150E333-8FDC-42A3-9474-1A3956D46DE8}") = "Web", "Web", "{5F375465-09EF-462D-905E-40EBDD6CBB63}"
EndProject
Project("{FAE04EC0-301F-11D3-BF4B-00C04F79EFBC}") = "DockerAPIS.Services.Classroom.Web.API", "DockerAPIS.Services.Classroom.Web.API\DockerAPIS.Services.Classroom.Web.API.csproj", "{B12704A1-15F8-4115-8CC7-FB7C4A8C0396}"
EndProject
Project("{2150E333-8FDC-42A3-9474-1A3956D46DE8}") = "Business", "Business", "{97CC0BC2-CB8E-4B7D-87E6-121BEA8ED561}"
EndProject
Project("{FAE04EC0-301F-11D3-BF4B-00C04F79EFBC}") = "DockerAPIS.Services.Classroom.Business.Manager", "DockerAPIS.Services.Classroom.Business.Manager\DockerAPIS.Services.Classroom.Business.Manager.csproj", "{81F7F183-0D70-4D3F-8F85-439CE4BA22DC}"
EndProject
Project("{2150E333-8FDC-42A3-9474-1A3956D46DE8}") = "Model", "Model", "{A7FABA7C-47C0-4509-A7D1-242A6DF74326}"
EndProject
Project("{FAE04EC0-301F-11D3-BF4B-00C04F79EFBC}") = "DockerAPIs.Services.Classroom.Model.Entity", "DockerAPIs.Services.Classroom.Model.Entity\DockerAPIs.Services.Classroom.Model.Entity.csproj", "{752BAFB5-38E7-4D80-A696-6C69FBD0E2BB}"
EndProject
Project("{FAE04EC0-301F-11D3-BF4B-00C04F79EFBC}") = "DockerAPIs.Services.Classroom.Model.DTO", "DockerAPIs.Services.Classroom.Model.DTO\DockerAPIs.Services.Classroom.Model.DTO.csproj", "{8AE86051-646E-4E40-B575-C3C168304DFF}"
EndProject
Project("{2150E333-8FDC-42A3-9474-1A3956D46DE8}") = "Architecture", "Architecture", "{8C614FF2-F84A-4185-9D2D-086C2F87D7D2}"
EndProject
Project("{2150E333-8FDC-42A3-9474-1A3956D46DE8}") = "Data", "Data", "{474B6928-D324-4488-A3B3-6CBC634B2B19}"
EndProject
Project("{FAE04EC0-301F-11D3-BF4B-00C04F79EFBC}") = "DockerAPIS.Architecture.Data.Access", "DockerAPIS.Architecture.Data.Access\DockerAPIS.Architecture.Data.Access.csproj", "{52CA9ECA-6727-43D6-BEDC-3E04D8B9708B}"
EndProject
Project("{2150E333-8FDC-42A3-9474-1A3956D46DE8}") = "Data", "Data", "{27AE2F5A-E1DC-41E0-B9AB-54BA7C7FEA4B}"
EndProject
Project("{FAE04EC0-301F-11D3-BF4B-00C04F79EFBC}") = "DockerAPIS.Services.Classroom.Data.Interfaces", "DockerAPIS.Services.Classroom.Data.Interfaces\DockerAPIS.Services.Classroom.Data.Interfaces.csproj", "{22D2B828-9343-4FDD-93BA-FF1CC4CC1879}"
EndProject
Project("{2150E333-8FDC-42A3-9474-1A3956D46DE8}") = "Database", "Database", "{D34562C9-75B8-44CA-B4C7-60010544F71A}"
EndProject
Project("{FAE04EC0-301F-11D3-BF4B-00C04F79EFBC}") = "DockerAPIS.Services.Classroom.Data.Database.Manager", "DockerAPIS.Services.Classroom.Data.Database.Manager\DockerAPIS.Services.Classroom.Data.Database.Manager.csproj", "{A85A3BFC-0F4B-4F3B-B67C-AE1E795CB35C}"
EndProject
Project("{2150E333-8FDC-42A3-9474-1A3956D46DE8}") = "Service", "Service", "{B4EAC5DB-3929-4C4A-90BE-2DA8AA0DEC1B}"
EndProject
Project("{FAE04EC0-301F-11D3-BF4B-00C04F79EFBC}") = "DockerAPIS.Services.Classroom.Data.Service.Manager", "..\DockerAPIS.Services.Classroom.Data.Service.Manager\DockerAPIS.Services.Classroom.Data.Service.Manager.csproj", "{CC05C37F-072E-4360-B887-6568C9D30542}"
EndProject
Project("{FAE04EC0-301F-11D3-BF4B-00C04F79EFBC}") = "DockerAPIS.Services.Classroom.Data.Service.Model", "DockerAPIS.Services.Classroom.Data.Service.Model\DockerAPIS.Services.Classroom.Data.Service.Model.csproj", "{B95EB983-0F15-4F2F-878E-583A69CDAF33}"
EndProject
Project("{FAE04EC0-301F-11D3-BF4B-00C04F79EFBC}") = "DockerAPIs.Services.Classroom.Model.Exchange", "DockerAPIs.Services.Classroom.Model.Exchange\DockerAPIs.Services.Classroom.Model.Exchange.csproj", "{6446F40B-F2DA-48C6-8B0C-52D889D3DDBB}"
EndProject
Project("{2150E333-8FDC-42A3-9474-1A3956D46DE8}") = "Cache", "Cache", "{89F244D0-D7C3-4D84-B9D8-746A8A54E623}"
EndProject
Project("{2150E333-8FDC-42A3-9474-1A3956D46DE8}") = "FileSystem", "FileSystem", "{909DEB7D-988C-413C-984D-0C06428357D0}"
EndProject
Global
	GlobalSection(SolutionConfigurationPlatforms) = preSolution
		Debug|Any CPU = Debug|Any CPU
		Release|Any CPU = Release|Any CPU
	EndGlobalSection
	GlobalSection(ProjectConfigurationPlatforms) = postSolution
		{A48D3377-07DE-460C-A2F2-F3BF118F63E7}.Debug|Any CPU.ActiveCfg = Debug|Any CPU
		{A48D3377-07DE-460C-A2F2-F3BF118F63E7}.Debug|Any CPU.Build.0 = Debug|Any CPU
		{A48D3377-07DE-460C-A2F2-F3BF118F63E7}.Release|Any CPU.ActiveCfg = Release|Any CPU
		{A48D3377-07DE-460C-A2F2-F3BF118F63E7}.Release|Any CPU.Build.0 = Release|Any CPU
		{08887877-DA87-4F48-8FF5-1F59BB70C9B6}.Debug|Any CPU.ActiveCfg = Debug|Any CPU
		{08887877-DA87-4F48-8FF5-1F59BB70C9B6}.Debug|Any CPU.Build.0 = Debug|Any CPU
		{08887877-DA87-4F48-8FF5-1F59BB70C9B6}.Release|Any CPU.ActiveCfg = Release|Any CPU
		{08887877-DA87-4F48-8FF5-1F59BB70C9B6}.Release|Any CPU.Build.0 = Release|Any CPU
		{FF54E897-CAC2-4429-B313-766CA1F4D4A6}.Debug|Any CPU.ActiveCfg = Debug|Any CPU
		{FF54E897-CAC2-4429-B313-766CA1F4D4A6}.Debug|Any CPU.Build.0 = Debug|Any CPU
		{FF54E897-CAC2-4429-B313-766CA1F4D4A6}.Release|Any CPU.ActiveCfg = Release|Any CPU
		{FF54E897-CAC2-4429-B313-766CA1F4D4A6}.Release|Any CPU.Build.0 = Release|Any CPU
		{C585939C-632D-4C66-B691-5C59F971237B}.Debug|Any CPU.ActiveCfg = Debug|Any CPU
		{C585939C-632D-4C66-B691-5C59F971237B}.Debug|Any CPU.Build.0 = Debug|Any CPU
		{C585939C-632D-4C66-B691-5C59F971237B}.Release|Any CPU.ActiveCfg = Release|Any CPU
		{C585939C-632D-4C66-B691-5C59F971237B}.Release|Any CPU.Build.0 = Release|Any CPU
		{05391D47-7034-4BF4-B5F4-58312D70600C}.Debug|Any CPU.ActiveCfg = Debug|Any CPU
		{05391D47-7034-4BF4-B5F4-58312D70600C}.Debug|Any CPU.Build.0 = Debug|Any CPU
		{05391D47-7034-4BF4-B5F4-58312D70600C}.Release|Any CPU.ActiveCfg = Release|Any CPU
		{05391D47-7034-4BF4-B5F4-58312D70600C}.Release|Any CPU.Build.0 = Release|Any CPU
		{09C65D57-BA48-46BB-B34C-D0717F0C4B92}.Debug|Any CPU.ActiveCfg = Debug|Any CPU
		{09C65D57-BA48-46BB-B34C-D0717F0C4B92}.Debug|Any CPU.Build.0 = Debug|Any CPU
		{09C65D57-BA48-46BB-B34C-D0717F0C4B92}.Release|Any CPU.ActiveCfg = Release|Any CPU
		{09C65D57-BA48-46BB-B34C-D0717F0C4B92}.Release|Any CPU.Build.0 = Release|Any CPU
		{766F94FC-94E9-4A98-B710-9523CA816D16}.Debug|Any CPU.ActiveCfg = Debug|Any CPU
		{766F94FC-94E9-4A98-B710-9523CA816D16}.Debug|Any CPU.Build.0 = Debug|Any CPU
		{766F94FC-94E9-4A98-B710-9523CA816D16}.Release|Any CPU.ActiveCfg = Release|Any CPU
		{766F94FC-94E9-4A98-B710-9523CA816D16}.Release|Any CPU.Build.0 = Release|Any CPU
		{B12704A1-15F8-4115-8CC7-FB7C4A8C0396}.Debug|Any CPU.ActiveCfg = Debug|Any CPU
		{B12704A1-15F8-4115-8CC7-FB7C4A8C0396}.Debug|Any CPU.Build.0 = Debug|Any CPU
		{B12704A1-15F8-4115-8CC7-FB7C4A8C0396}.Release|Any CPU.ActiveCfg = Release|Any CPU
		{B12704A1-15F8-4115-8CC7-FB7C4A8C0396}.Release|Any CPU.Build.0 = Release|Any CPU
		{81F7F183-0D70-4D3F-8F85-439CE4BA22DC}.Debug|Any CPU.ActiveCfg = Debug|Any CPU
		{81F7F183-0D70-4D3F-8F85-439CE4BA22DC}.Debug|Any CPU.Build.0 = Debug|Any CPU
		{81F7F183-0D70-4D3F-8F85-439CE4BA22DC}.Release|Any CPU.ActiveCfg = Release|Any CPU
		{81F7F183-0D70-4D3F-8F85-439CE4BA22DC}.Release|Any CPU.Build.0 = Release|Any CPU
		{752BAFB5-38E7-4D80-A696-6C69FBD0E2BB}.Debug|Any CPU.ActiveCfg = Debug|Any CPU
		{752BAFB5-38E7-4D80-A696-6C69FBD0E2BB}.Debug|Any CPU.Build.0 = Debug|Any CPU
		{752BAFB5-38E7-4D80-A696-6C69FBD0E2BB}.Release|Any CPU.ActiveCfg = Release|Any CPU
		{752BAFB5-38E7-4D80-A696-6C69FBD0E2BB}.Release|Any CPU.Build.0 = Release|Any CPU
		{8AE86051-646E-4E40-B575-C3C168304DFF}.Debug|Any CPU.ActiveCfg = Debug|Any CPU
		{8AE86051-646E-4E40-B575-C3C168304DFF}.Debug|Any CPU.Build.0 = Debug|Any CPU
		{8AE86051-646E-4E40-B575-C3C168304DFF}.Release|Any CPU.ActiveCfg = Release|Any CPU
		{8AE86051-646E-4E40-B575-C3C168304DFF}.Release|Any CPU.Build.0 = Release|Any CPU
		{52CA9ECA-6727-43D6-BEDC-3E04D8B9708B}.Debug|Any CPU.ActiveCfg = Debug|Any CPU
		{52CA9ECA-6727-43D6-BEDC-3E04D8B9708B}.Debug|Any CPU.Build.0 = Debug|Any CPU
		{52CA9ECA-6727-43D6-BEDC-3E04D8B9708B}.Release|Any CPU.ActiveCfg = Release|Any CPU
		{52CA9ECA-6727-43D6-BEDC-3E04D8B9708B}.Release|Any CPU.Build.0 = Release|Any CPU
		{22D2B828-9343-4FDD-93BA-FF1CC4CC1879}.Debug|Any CPU.ActiveCfg = Debug|Any CPU
		{22D2B828-9343-4FDD-93BA-FF1CC4CC1879}.Debug|Any CPU.Build.0 = Debug|Any CPU
		{22D2B828-9343-4FDD-93BA-FF1CC4CC1879}.Release|Any CPU.ActiveCfg = Release|Any CPU
		{22D2B828-9343-4FDD-93BA-FF1CC4CC1879}.Release|Any CPU.Build.0 = Release|Any CPU
		{A85A3BFC-0F4B-4F3B-B67C-AE1E795CB35C}.Debug|Any CPU.ActiveCfg = Debug|Any CPU
		{A85A3BFC-0F4B-4F3B-B67C-AE1E795CB35C}.Debug|Any CPU.Build.0 = Debug|Any CPU
		{A85A3BFC-0F4B-4F3B-B67C-AE1E795CB35C}.Release|Any CPU.ActiveCfg = Release|Any CPU
		{A85A3BFC-0F4B-4F3B-B67C-AE1E795CB35C}.Release|Any CPU.Build.0 = Release|Any CPU
		{CC05C37F-072E-4360-B887-6568C9D30542}.Debug|Any CPU.ActiveCfg = Debug|Any CPU
		{CC05C37F-072E-4360-B887-6568C9D30542}.Debug|Any CPU.Build.0 = Debug|Any CPU
		{CC05C37F-072E-4360-B887-6568C9D30542}.Release|Any CPU.ActiveCfg = Release|Any CPU
		{CC05C37F-072E-4360-B887-6568C9D30542}.Release|Any CPU.Build.0 = Release|Any CPU
		{B95EB983-0F15-4F2F-878E-583A69CDAF33}.Debug|Any CPU.ActiveCfg = Debug|Any CPU
		{B95EB983-0F15-4F2F-878E-583A69CDAF33}.Debug|Any CPU.Build.0 = Debug|Any CPU
		{B95EB983-0F15-4F2F-878E-583A69CDAF33}.Release|Any CPU.ActiveCfg = Release|Any CPU
		{B95EB983-0F15-4F2F-878E-583A69CDAF33}.Release|Any CPU.Build.0 = Release|Any CPU
		{6446F40B-F2DA-48C6-8B0C-52D889D3DDBB}.Debug|Any CPU.ActiveCfg = Debug|Any CPU
		{6446F40B-F2DA-48C6-8B0C-52D889D3DDBB}.Debug|Any CPU.Build.0 = Debug|Any CPU
		{6446F40B-F2DA-48C6-8B0C-52D889D3DDBB}.Release|Any CPU.ActiveCfg = Release|Any CPU
		{6446F40B-F2DA-48C6-8B0C-52D889D3DDBB}.Release|Any CPU.Build.0 = Release|Any CPU
	EndGlobalSection
	GlobalSection(SolutionProperties) = preSolution
		HideSolutionNode = FALSE
	EndGlobalSection
	GlobalSection(NestedProjects) = preSolution
		{CC014A51-A4F0-463D-AD42-4423F5661E96} = {8E2FD036-C809-452C-BDB4-D591A8F8283A}
		{01DFCDA5-9DC2-434F-8603-D06E73F649BF} = {8E2FD036-C809-452C-BDB4-D591A8F8283A}
		{5F375465-09EF-462D-905E-40EBDD6CBB63} = {01DFCDA5-9DC2-434F-8603-D06E73F649BF}
		{B12704A1-15F8-4115-8CC7-FB7C4A8C0396} = {5F375465-09EF-462D-905E-40EBDD6CBB63}
		{97CC0BC2-CB8E-4B7D-87E6-121BEA8ED561} = {01DFCDA5-9DC2-434F-8603-D06E73F649BF}
		{81F7F183-0D70-4D3F-8F85-439CE4BA22DC} = {97CC0BC2-CB8E-4B7D-87E6-121BEA8ED561}
		{A7FABA7C-47C0-4509-A7D1-242A6DF74326} = {01DFCDA5-9DC2-434F-8603-D06E73F649BF}
		{752BAFB5-38E7-4D80-A696-6C69FBD0E2BB} = {A7FABA7C-47C0-4509-A7D1-242A6DF74326}
		{8AE86051-646E-4E40-B575-C3C168304DFF} = {A7FABA7C-47C0-4509-A7D1-242A6DF74326}
		{474B6928-D324-4488-A3B3-6CBC634B2B19} = {8C614FF2-F84A-4185-9D2D-086C2F87D7D2}
		{52CA9ECA-6727-43D6-BEDC-3E04D8B9708B} = {474B6928-D324-4488-A3B3-6CBC634B2B19}
		{27AE2F5A-E1DC-41E0-B9AB-54BA7C7FEA4B} = {01DFCDA5-9DC2-434F-8603-D06E73F649BF}
		{22D2B828-9343-4FDD-93BA-FF1CC4CC1879} = {27AE2F5A-E1DC-41E0-B9AB-54BA7C7FEA4B}
		{D34562C9-75B8-44CA-B4C7-60010544F71A} = {27AE2F5A-E1DC-41E0-B9AB-54BA7C7FEA4B}
		{A85A3BFC-0F4B-4F3B-B67C-AE1E795CB35C} = {D34562C9-75B8-44CA-B4C7-60010544F71A}
		{B4EAC5DB-3929-4C4A-90BE-2DA8AA0DEC1B} = {27AE2F5A-E1DC-41E0-B9AB-54BA7C7FEA4B}
		{CC05C37F-072E-4360-B887-6568C9D30542} = {B4EAC5DB-3929-4C4A-90BE-2DA8AA0DEC1B}
		{B95EB983-0F15-4F2F-878E-583A69CDAF33} = {B4EAC5DB-3929-4C4A-90BE-2DA8AA0DEC1B}
		{6446F40B-F2DA-48C6-8B0C-52D889D3DDBB} = {A7FABA7C-47C0-4509-A7D1-242A6DF74326}
		{89F244D0-D7C3-4D84-B9D8-746A8A54E623} = {27AE2F5A-E1DC-41E0-B9AB-54BA7C7FEA4B}
		{909DEB7D-988C-413C-984D-0C06428357D0} = {27AE2F5A-E1DC-41E0-B9AB-54BA7C7FEA4B}
	EndGlobalSection
	GlobalSection(ExtensibilityGlobals) = postSolution
		SolutionGuid = {3117D5F3-0D96-43DE-AAD7-2E70E6C8D6B6}
	EndGlobalSection
EndGlobal
